// !$*UTF8*$!
{
	archiveVersion = 1;
	classes = {
	};
	objectVersion = 48;
	objects = {

/* Begin PBXBuildFile section */
		181EE7AC1FF2217C00D6A791 /* AppDelegate.m in Sources */ = {isa = PBXBuildFile; fileRef = 181EE7AB1FF2217C00D6A791 /* AppDelegate.m */; };
		181EE7AF1FF2217C00D6A791 /* ViewController.m in Sources */ = {isa = PBXBuildFile; fileRef = 181EE7AE1FF2217C00D6A791 /* ViewController.m */; };
		181EE7B21FF2217C00D6A791 /* Main.storyboard in Resources */ = {isa = PBXBuildFile; fileRef = 181EE7B01FF2217C00D6A791 /* Main.storyboard */; };
		181EE7B41FF2217C00D6A791 /* Assets.xcassets in Resources */ = {isa = PBXBuildFile; fileRef = 181EE7B31FF2217C00D6A791 /* Assets.xcassets */; };
		181EE7B71FF2217C00D6A791 /* LaunchScreen.storyboard in Resources */ = {isa = PBXBuildFile; fileRef = 181EE7B51FF2217C00D6A791 /* LaunchScreen.storyboard */; };
		181EE7BA1FF2217C00D6A791 /* main.m in Sources */ = {isa = PBXBuildFile; fileRef = 181EE7B91FF2217C00D6A791 /* main.m */; };
		181EE7C21FF222BF00D6A791 /* HomeOneCollectionViewCell.m in Sources */ = {isa = PBXBuildFile; fileRef = 181EE7C01FF222BF00D6A791 /* HomeOneCollectionViewCell.m */; };
		181EE7C51FF222CE00D6A791 /* HomeCateCollectionViewCell.m in Sources */ = {isa = PBXBuildFile; fileRef = 181EE7C41FF222CE00D6A791 /* HomeCateCollectionViewCell.m */; };
		181EE7C81FF222E200D6A791 /* PublishButton.m in Sources */ = {isa = PBXBuildFile; fileRef = 181EE7C71FF222E200D6A791 /* PublishButton.m */; };
		181EE7E31FF222F000D6A791 /* NSLayoutConstraint+MASDebugAdditions.m in Sources */ = {isa = PBXBuildFile; fileRef = 181EE7CB1FF222F000D6A791 /* NSLayoutConstraint+MASDebugAdditions.m */; };
		181EE7E41FF222F000D6A791 /* ViewController+MASAdditions.m in Sources */ = {isa = PBXBuildFile; fileRef = 181EE7D41FF222F000D6A791 /* ViewController+MASAdditions.m */; };
		181EE7E51FF222F000D6A791 /* MASCompositeConstraint.m in Sources */ = {isa = PBXBuildFile; fileRef = 181EE7D81FF222F000D6A791 /* MASCompositeConstraint.m */; };
		181EE7E61FF222F000D6A791 /* MASConstraintMaker.m in Sources */ = {isa = PBXBuildFile; fileRef = 181EE7D91FF222F000D6A791 /* MASConstraintMaker.m */; };
		181EE7E71FF222F000D6A791 /* MASLayoutConstraint.m in Sources */ = {isa = PBXBuildFile; fileRef = 181EE7DA1FF222F000D6A791 /* MASLayoutConstraint.m */; };
		181EE7E81FF222F000D6A791 /* NSArray+MASAdditions.m in Sources */ = {isa = PBXBuildFile; fileRef = 181EE7DB1FF222F000D6A791 /* NSArray+MASAdditions.m */; };
		181EE7E91FF222F000D6A791 /* View+MASAdditions.m in Sources */ = {isa = PBXBuildFile; fileRef = 181EE7DC1FF222F000D6A791 /* View+MASAdditions.m */; };
		181EE7EA1FF222F000D6A791 /* MASConstraint.m in Sources */ = {isa = PBXBuildFile; fileRef = 181EE7DF1FF222F000D6A791 /* MASConstraint.m */; };
		181EE7EB1FF222F000D6A791 /* MASViewConstraint.m in Sources */ = {isa = PBXBuildFile; fileRef = 181EE7E11FF222F000D6A791 /* MASViewConstraint.m */; };
		181EE7EC1FF222F000D6A791 /* MASViewAttribute.m in Sources */ = {isa = PBXBuildFile; fileRef = 181EE7E21FF222F000D6A791 /* MASViewAttribute.m */; };
		181EE7F21FF2243800D6A791 /* UIView+Extension.m in Sources */ = {isa = PBXBuildFile; fileRef = 181EE7F11FF2243800D6A791 /* UIView+Extension.m */; };
/* End PBXBuildFile section */

/* Begin PBXFileReference section */
		181EE7A71FF2217C00D6A791 /* 顶部横向滑动分类.app */ = {isa = PBXFileReference; explicitFileType = wrapper.application; includeInIndex = 0; path = "顶部横向滑动分类.app"; sourceTree = BUILT_PRODUCTS_DIR; };
		181EE7AA1FF2217C00D6A791 /* AppDelegate.h */ = {isa = PBXFileReference; lastKnownFileType = sourcecode.c.h; path = AppDelegate.h; sourceTree = "<group>"; };
		181EE7AB1FF2217C00D6A791 /* AppDelegate.m */ = {isa = PBXFileReference; lastKnownFileType = sourcecode.c.objc; path = AppDelegate.m; sourceTree = "<group>"; };
		181EE7AD1FF2217C00D6A791 /* ViewController.h */ = {isa = PBXFileReference; lastKnownFileType = sourcecode.c.h; path = ViewController.h; sourceTree = "<group>"; };
		181EE7AE1FF2217C00D6A791 /* ViewController.m */ = {isa = PBXFileReference; lastKnownFileType = sourcecode.c.objc; path = ViewController.m; sourceTree = "<group>"; };
		181EE7B11FF2217C00D6A791 /* Base */ = {isa = PBXFileReference; lastKnownFileType = file.storyboard; name = Base; path = Base.lproj/Main.storyboard; sourceTree = "<group>"; };
		181EE7B31FF2217C00D6A791 /* Assets.xcassets */ = {isa = PBXFileReference; lastKnownFileType = folder.assetcatalog; path = Assets.xcassets; sourceTree = "<group>"; };
		181EE7B61FF2217C00D6A791 /* Base */ = {isa = PBXFileReference; lastKnownFileType = file.storyboard; name = Base; path = Base.lproj/LaunchScreen.storyboard; sourceTree = "<group>"; };
		181EE7B81FF2217C00D6A791 /* Info.plist */ = {isa = PBXFileReference; lastKnownFileType = text.plist.xml; path = Info.plist; sourceTree = "<group>"; };
		181EE7B91FF2217C00D6A791 /* main.m */ = {isa = PBXFileReference; lastKnownFileType = sourcecode.c.objc; path = main.m; sourceTree = "<group>"; };
		181EE7C01FF222BF00D6A791 /* HomeOneCollectionViewCell.m */ = {isa = PBXFileReference; fileEncoding = 4; lastKnownFileType = sourcecode.c.objc; path = HomeOneCollectionViewCell.m; sourceTree = "<group>"; };
		181EE7C11FF222BF00D6A791 /* HomeOneCollectionViewCell.h */ = {isa = PBXFileReference; fileEncoding = 4; lastKnownFileType = sourcecode.c.h; path = HomeOneCollectionViewCell.h; sourceTree = "<group>"; };
		181EE7C31FF222CE00D6A791 /* HomeCateCollectionViewCell.h */ = {isa = PBXFileReference; fileEncoding = 4; lastKnownFileType = sourcecode.c.h; path = HomeCateCollectionViewCell.h; sourceTree = "<group>"; };
		181EE7C41FF222CE00D6A791 /* HomeCateCollectionViewCell.m */ = {isa = PBXFileReference; fileEncoding = 4; lastKnownFileType = sourcecode.c.objc; path = HomeCateCollectionViewCell.m; sourceTree = "<group>"; };
		181EE7C61FF222E100D6A791 /* PublishButton.h */ = {isa = PBXFileReference; fileEncoding = 4; lastKnownFileType = sourcecode.c.h; path = PublishButton.h; sourceTree = "<group>"; };
		181EE7C71FF222E200D6A791 /* PublishButton.m */ = {isa = PBXFileReference; fileEncoding = 4; lastKnownFileType = sourcecode.c.objc; path = PublishButton.m; sourceTree = "<group>"; };
		181EE7CA1FF222F000D6A791 /* MASCompositeConstraint.h */ = {isa = PBXFileReference; fileEncoding = 4; lastKnownFileType = sourcecode.c.h; path = MASCompositeConstraint.h; sourceTree = "<group>"; };
		181EE7CB1FF222F000D6A791 /* NSLayoutConstraint+MASDebugAdditions.m */ = {isa = PBXFileReference; fileEncoding = 4; lastKnownFileType = sourcecode.c.objc; path = "NSLayoutConstraint+MASDebugAdditions.m"; sourceTree = "<group>"; };
		181EE7CC1FF222F000D6A791 /* MASConstraint+Private.h */ = {isa = PBXFileReference; fileEncoding = 4; lastKnownFileType = sourcecode.c.h; path = "MASConstraint+Private.h"; sourceTree = "<group>"; };
		181EE7CD1FF222F000D6A791 /* MASLayoutConstraint.h */ = {isa = PBXFileReference; fileEncoding = 4; lastKnownFileType = sourcecode.c.h; path = MASLayoutConstraint.h; sourceTree = "<group>"; };
		181EE7CE1FF222F000D6A791 /* NSArray+MASShorthandAdditions.h */ = {isa = PBXFileReference; fileEncoding = 4; lastKnownFileType = sourcecode.c.h; path = "NSArray+MASShorthandAdditions.h"; sourceTree = "<group>"; };
		181EE7CF1FF222F000D6A791 /* MASConstraintMaker.h */ = {isa = PBXFileReference; fileEncoding = 4; lastKnownFileType = sourcecode.c.h; path = MASConstraintMaker.h; sourceTree = "<group>"; };
		181EE7D01FF222F000D6A791 /* View+MASAdditions.h */ = {isa = PBXFileReference; fileEncoding = 4; lastKnownFileType = sourcecode.c.h; path = "View+MASAdditions.h"; sourceTree = "<group>"; };
		181EE7D11FF222F000D6A791 /* NSArray+MASAdditions.h */ = {isa = PBXFileReference; fileEncoding = 4; lastKnownFileType = sourcecode.c.h; path = "NSArray+MASAdditions.h"; sourceTree = "<group>"; };
		181EE7D21FF222F000D6A791 /* MASUtilities.h */ = {isa = PBXFileReference; fileEncoding = 4; lastKnownFileType = sourcecode.c.h; path = MASUtilities.h; sourceTree = "<group>"; };
		181EE7D31FF222F000D6A791 /* MASViewAttribute.h */ = {isa = PBXFileReference; fileEncoding = 4; lastKnownFileType = sourcecode.c.h; path = MASViewAttribute.h; sourceTree = "<group>"; };
		181EE7D41FF222F000D6A791 /* ViewController+MASAdditions.m */ = {isa = PBXFileReference; fileEncoding = 4; lastKnownFileType = sourcecode.c.objc; path = "ViewController+MASAdditions.m"; sourceTree = "<group>"; };
		181EE7D51FF222F000D6A791 /* MASViewConstraint.h */ = {isa = PBXFileReference; fileEncoding = 4; lastKnownFileType = sourcecode.c.h; path = MASViewConstraint.h; sourceTree = "<group>"; };
		181EE7D61FF222F000D6A791 /* MASConstraint.h */ = {isa = PBXFileReference; fileEncoding = 4; lastKnownFileType = sourcecode.c.h; path = MASConstraint.h; sourceTree = "<group>"; };
		181EE7D71FF222F000D6A791 /* NSLayoutConstraint+MASDebugAdditions.h */ = {isa = PBXFileReference; fileEncoding = 4; lastKnownFileType = sourcecode.c.h; path = "NSLayoutConstraint+MASDebugAdditions.h"; sourceTree = "<group>"; };
		181EE7D81FF222F000D6A791 /* MASCompositeConstraint.m */ = {isa = PBXFileReference; fileEncoding = 4; lastKnownFileType = sourcecode.c.objc; path = MASCompositeConstraint.m; sourceTree = "<group>"; };
		181EE7D91FF222F000D6A791 /* MASConstraintMaker.m */ = {isa = PBXFileReference; fileEncoding = 4; lastKnownFileType = sourcecode.c.objc; path = MASConstraintMaker.m; sourceTree = "<group>"; };
		181EE7DA1FF222F000D6A791 /* MASLayoutConstraint.m */ = {isa = PBXFileReference; fileEncoding = 4; lastKnownFileType = sourcecode.c.objc; path = MASLayoutConstraint.m; sourceTree = "<group>"; };
		181EE7DB1FF222F000D6A791 /* NSArray+MASAdditions.m */ = {isa = PBXFileReference; fileEncoding = 4; lastKnownFileType = sourcecode.c.objc; path = "NSArray+MASAdditions.m"; sourceTree = "<group>"; };
		181EE7DC1FF222F000D6A791 /* View+MASAdditions.m */ = {isa = PBXFileReference; fileEncoding = 4; lastKnownFileType = sourcecode.c.objc; path = "View+MASAdditions.m"; sourceTree = "<group>"; };
		181EE7DD1FF222F000D6A791 /* View+MASShorthandAdditions.h */ = {isa = PBXFileReference; fileEncoding = 4; lastKnownFileType = sourcecode.c.h; path = "View+MASShorthandAdditions.h"; sourceTree = "<group>"; };
		181EE7DE1FF222F000D6A791 /* Masonry.h */ = {isa = PBXFileReference; fileEncoding = 4; lastKnownFileType = sourcecode.c.h; path = Masonry.h; sourceTree = "<group>"; };
		181EE7DF1FF222F000D6A791 /* MASConstraint.m */ = {isa = PBXFileReference; fileEncoding = 4; lastKnownFileType = sourcecode.c.objc; path = MASConstraint.m; sourceTree = "<group>"; };
		181EE7E01FF222F000D6A791 /* ViewController+MASAdditions.h */ = {isa = PBXFileReference; fileEncoding = 4; lastKnownFileType = sourcecode.c.h; path = "ViewController+MASAdditions.h"; sourceTree = "<group>"; };
		181EE7E11FF222F000D6A791 /* MASViewConstraint.m */ = {isa = PBXFileReference; fileEncoding = 4; lastKnownFileType = sourcecode.c.objc; path = MASViewConstraint.m; sourceTree = "<group>"; };
		181EE7E21FF222F000D6A791 /* MASViewAttribute.m */ = {isa = PBXFileReference; fileEncoding = 4; lastKnownFileType = sourcecode.c.objc; path = MASViewAttribute.m; sourceTree = "<group>"; };
		181EE7F01FF2243800D6A791 /* UIView+Extension.h */ = {isa = PBXFileReference; fileEncoding = 4; lastKnownFileType = sourcecode.c.h; path = "UIView+Extension.h"; sourceTree = "<group>"; };
		181EE7F11FF2243800D6A791 /* UIView+Extension.m */ = {isa = PBXFileReference; fileEncoding = 4; lastKnownFileType = sourcecode.c.objc; path = "UIView+Extension.m"; sourceTree = "<group>"; };
/* End PBXFileReference section */

/* Begin PBXFrameworksBuildPhase section */
		181EE7A41FF2217C00D6A791 /* Frameworks */ = {
			isa = PBXFrameworksBuildPhase;
			buildActionMask = 2147483647;
			files = (
			);
			runOnlyForDeploymentPostprocessing = 0;
		};
/* End PBXFrameworksBuildPhase section */

/* Begin PBXGroup section */
		181EE79E1FF2217C00D6A791 = {
			isa = PBXGroup;
			children = (
				181EE7A91FF2217C00D6A791 /* 顶部横向滑动分类 */,
				181EE7A81FF2217C00D6A791 /* Products */,
			);
			sourceTree = "<group>";
		};
		181EE7A81FF2217C00D6A791 /* Products */ = {
			isa = PBXGroup;
			children = (
				181EE7A71FF2217C00D6A791 /* 顶部横向滑动分类.app */,
			);
			name = Products;
			sourceTree = "<group>";
		};
		181EE7A91FF2217C00D6A791 /* 顶部横向滑动分类 */ = {
			isa = PBXGroup;
			children = (
				181EE7C91FF222F000D6A791 /* Masonry */,
				181EE7C11FF222BF00D6A791 /* HomeOneCollectionViewCell.h */,
				181EE7C01FF222BF00D6A791 /* HomeOneCollectionViewCell.m */,
				181EE7C31FF222CE00D6A791 /* HomeCateCollectionViewCell.h */,
				181EE7C41FF222CE00D6A791 /* HomeCateCollectionViewCell.m */,
				181EE7C61FF222E100D6A791 /* PublishButton.h */,
				181EE7C71FF222E200D6A791 /* PublishButton.m */,
				181EE7F01FF2243800D6A791 /* UIView+Extension.h */,
				181EE7F11FF2243800D6A791 /* UIView+Extension.m */,
				181EE7AA1FF2217C00D6A791 /* AppDelegate.h */,
				181EE7AB1FF2217C00D6A791 /* AppDelegate.m */,
				181EE7AD1FF2217C00D6A791 /* ViewController.h */,
				181EE7AE1FF2217C00D6A791 /* ViewController.m */,
				181EE7B01FF2217C00D6A791 /* Main.storyboard */,
				181EE7B31FF2217C00D6A791 /* Assets.xcassets */,
				181EE7B51FF2217C00D6A791 /* LaunchScreen.storyboard */,
				181EE7B81FF2217C00D6A791 /* Info.plist */,
				181EE7B91FF2217C00D6A791 /* main.m */,
			);
			path = "顶部横向滑动分类";
			sourceTree = "<group>";
		};
		181EE7C91FF222F000D6A791 /* Masonry */ = {
			isa = PBXGroup;
			children = (
				181EE7CA1FF222F000D6A791 /* MASCompositeConstraint.h */,
				181EE7CB1FF222F000D6A791 /* NSLayoutConstraint+MASDebugAdditions.m */,
				181EE7CC1FF222F000D6A791 /* MASConstraint+Private.h */,
				181EE7CD1FF222F000D6A791 /* MASLayoutConstraint.h */,
				181EE7CE1FF222F000D6A791 /* NSArray+MASShorthandAdditions.h */,
				181EE7CF1FF222F000D6A791 /* MASConstraintMaker.h */,
				181EE7D01FF222F000D6A791 /* View+MASAdditions.h */,
				181EE7D11FF222F000D6A791 /* NSArray+MASAdditions.h */,
				181EE7D21FF222F000D6A791 /* MASUtilities.h */,
				181EE7D31FF222F000D6A791 /* MASViewAttribute.h */,
				181EE7D41FF222F000D6A791 /* ViewController+MASAdditions.m */,
				181EE7D51FF222F000D6A791 /* MASViewConstraint.h */,
				181EE7D61FF222F000D6A791 /* MASConstraint.h */,
				181EE7D71FF222F000D6A791 /* NSLayoutConstraint+MASDebugAdditions.h */,
				181EE7D81FF222F000D6A791 /* MASCompositeConstraint.m */,
				181EE7D91FF222F000D6A791 /* MASConstraintMaker.m */,
				181EE7DA1FF222F000D6A791 /* MASLayoutConstraint.m */,
				181EE7DB1FF222F000D6A791 /* NSArray+MASAdditions.m */,
				181EE7DC1FF222F000D6A791 /* View+MASAdditions.m */,
				181EE7DD1FF222F000D6A791 /* View+MASShorthandAdditions.h */,
				181EE7DE1FF222F000D6A791 /* Masonry.h */,
				181EE7DF1FF222F000D6A791 /* MASConstraint.m */,
				181EE7E01FF222F000D6A791 /* ViewController+MASAdditions.h */,
				181EE7E11FF222F000D6A791 /* MASViewConstraint.m */,
				181EE7E21FF222F000D6A791 /* MASViewAttribute.m */,
			);
			path = Masonry;
			sourceTree = "<group>";
		};
/* End PBXGroup section */

/* Begin PBXNativeTarget section */
		181EE7A61FF2217C00D6A791 /* 顶部横向滑动分类 */ = {
			isa = PBXNativeTarget;
			buildConfigurationList = 181EE7BD1FF2217C00D6A791 /* Build configuration list for PBXNativeTarget "顶部横向滑动分类" */;
			buildPhases = (
				181EE7A31FF2217C00D6A791 /* Sources */,
				181EE7A41FF2217C00D6A791 /* Frameworks */,
				181EE7A51FF2217C00D6A791 /* Resources */,
			);
			buildRules = (
			);
			dependencies = (
			);
			name = "顶部横向滑动分类";
			productName = "顶部横向滑动分类";
			productReference = 181EE7A71FF2217C00D6A791 /* 顶部横向滑动分类.app */;
			productType = "com.apple.product-type.application";
		};
/* End PBXNativeTarget section */

/* Begin PBXProject section */
		181EE79F1FF2217C00D6A791 /* Project object */ = {
			isa = PBXProject;
			attributes = {
				LastUpgradeCheck = 0920;
				ORGANIZATIONNAME = zj;
				TargetAttributes = {
					181EE7A61FF2217C00D6A791 = {
						CreatedOnToolsVersion = 9.2;
						ProvisioningStyle = Automatic;
					};
				};
			};
			buildConfigurationList = 181EE7A21FF2217C00D6A791 /* Build configuration list for PBXProject "顶部横向滑动分类" */;
			compatibilityVersion = "Xcode 8.0";
			developmentRegion = en;
			hasScannedForEncodings = 0;
			knownRegions = (
				en,
				Base,
			);
			mainGroup = 181EE79E1FF2217C00D6A791;
			productRefGroup = 181EE7A81FF2217C00D6A791 /* Products */;
			projectDirPath = "";
			projectRoot = "";
			targets = (
				181EE7A61FF2217C00D6A791 /* 顶部横向滑动分类 */,
			);
		};
/* End PBXProject section */

/* Begin PBXResourcesBuildPhase section */
		181EE7A51FF2217C00D6A791 /* Resources */ = {
			isa = PBXResourcesBuildPhase;
			buildActionMask = 2147483647;
			files = (
				181EE7B71FF2217C00D6A791 /* LaunchScreen.storyboard in Resources */,
				181EE7B41FF2217C00D6A791 /* Assets.xcassets in Resources */,
				181EE7B21FF2217C00D6A791 /* Main.storyboard in Resources */,
			);
			runOnlyForDeploymentPostprocessing = 0;
		};
/* End PBXResourcesBuildPhase section */

/* Begin PBXSourcesBuildPhase section */
		181EE7A31FF2217C00D6A791 /* Sources */ = {
			isa = PBXSourcesBuildPhase;
			buildActionMask = 2147483647;
			files = (
				181EE7EB1FF222F000D6A791 /* MASViewConstraint.m in Sources */,
				181EE7C21FF222BF00D6A791 /* HomeOneCollectionViewCell.m in Sources */,
				181EE7E61FF222F000D6A791 /* MASConstraintMaker.m in Sources */,
				181EE7C81FF222E200D6A791 /* PublishButton.m in Sources */,
				181EE7E41FF222F000D6A791 /* ViewController+MASAdditions.m in Sources */,
				181EE7F21FF2243800D6A791 /* UIView+Extension.m in Sources */,
				181EE7E31FF222F000D6A791 /* NSLayoutConstraint+MASDebugAdditions.m in Sources */,
				181EE7E51FF222F000D6A791 /* MASCompositeConstraint.m in Sources */,
				181EE7C51FF222CE00D6A791 /* HomeCateCollectionViewCell.m in Sources */,
				181EE7E71FF222F000D6A791 /* MASLayoutConstraint.m in Sources */,
				181EE7E91FF222F000D6A791 /* View+MASAdditions.m in Sources */,
				181EE7E81FF222F000D6A791 /* NSArray+MASAdditions.m in Sources */,
				181EE7AF1FF2217C00D6A791 /* ViewController.m in Sources */,
				181EE7BA1FF2217C00D6A791 /* main.m in Sources */,
				181EE7EC1FF222F000D6A791 /* MASViewAttribute.m in Sources */,
				181EE7EA1FF222F000D6A791 /* MASConstraint.m in Sources */,
				181EE7AC1FF2217C00D6A791 /* AppDelegate.m in Sources */,
			);
			runOnlyForDeploymentPostprocessing = 0;
		};
/* End PBXSourcesBuildPhase section */

/* Begin PBXVariantGroup section */
		181EE7B01FF2217C00D6A791 /* Main.storyboard */ = {
			isa = PBXVariantGroup;
			children = (
				181EE7B11FF2217C00D6A791 /* Base */,
			);
			name = Main.storyboard;
			sourceTree = "<group>";
		};
		181EE7B51FF2217C00D6A791 /* LaunchScreen.storyboard */ = {
			isa = PBXVariantGroup;
			children = (
				181EE7B61FF2217C00D6A791 /* Base */,
			);
			name = LaunchScreen.storyboard;
			sourceTree = "<group>";
		};
/* End PBXVariantGroup section */

/* Begin XCBuildConfiguration section */
		181EE7BB1FF2217C00D6A791 /* Debug */ = {
			isa = XCBuildConfiguration;
			buildSettings = {
				ALWAYS_SEARCH_USER_PATHS = NO;
				CLANG_ANALYZER_NONNULL = YES;
				CLANG_ANALYZER_NUMBER_OBJECT_CONVERSION = YES_AGGRESSIVE;
				CLANG_CXX_LANGUAGE_STANDARD = "gnu++14";
				CLANG_CXX_LIBRARY = "libc++";
				CLANG_ENABLE_MODULES = YES;
				CLANG_ENABLE_OBJC_ARC = YES;
				CLANG_WARN_BLOCK_CAPTURE_AUTORELEASING = YES;
				CLANG_WARN_BOOL_CONVERSION = YES;
				CLANG_WARN_COMMA = YES;
				CLANG_WARN_CONSTANT_CONVERSION = YES;
				CLANG_WARN_DIRECT_OBJC_ISA_USAGE = YES_ERROR;
				CLANG_WARN_DOCUMENTATION_COMMENTS = YES;
				CLANG_WARN_EMPTY_BODY = YES;
				CLANG_WARN_ENUM_CONVERSION = YES;
				CLANG_WARN_INFINITE_RECURSION = YES;
				CLANG_WARN_INT_CONVERSION = YES;
				CLANG_WARN_NON_LITERAL_NULL_CONVERSION = YES;
				CLANG_WARN_OBJC_LITERAL_CONVERSION = YES;
				CLANG_WARN_OBJC_ROOT_CLASS = YES_ERROR;
				CLANG_WARN_RANGE_LOOP_ANALYSIS = YES;
				CLANG_WARN_STRICT_PROTOTYPES = YES;
				CLANG_WARN_SUSPICIOUS_MOVE = YES;
				CLANG_WARN_UNGUARDED_AVAILABILITY = YES_AGGRESSIVE;
				CLANG_WARN_UNREACHABLE_CODE = YES;
				CLANG_WARN__DUPLICATE_METHOD_MATCH = YES;
				CODE_SIGN_IDENTITY = "iPhone Developer";
				COPY_PHASE_STRIP = NO;
				DEBUG_INFORMATION_FORMAT = dwarf;
				ENABLE_STRICT_OBJC_MSGSEND = YES;
				ENABLE_TESTABILITY = YES;
				GCC_C_LANGUAGE_STANDARD = gnu11;
				GCC_DYNAMIC_NO_PIC = NO;
				GCC_NO_COMMON_BLOCKS = YES;
				GCC_OPTIMIZATION_LEVEL = 0;
				GCC_PREPROCESSOR_DEFINITIONS = (
					"DEBUG=1",
					"$(inherited)",
				);
				GCC_WARN_64_TO_32_BIT_CONVERSION = YES;
				GCC_WARN_ABOUT_RETURN_TYPE = YES_ERROR;
				GCC_WARN_UNDECLARED_SELECTOR = YES;
				GCC_WARN_UNINITIALIZED_AUTOS = YES_AGGRESSIVE;
				GCC_WARN_UNUSED_FUNCTION = YES;
				GCC_WARN_UNUSED_VARIABLE = YES;
				IPHONEOS_DEPLOYMENT_TARGET = 11.2;
				MTL_ENABLE_DEBUG_INFO = YES;
				ONLY_ACTIVE_ARCH = YES;
				SDKROOT = iphoneos;
			};
			name = Debug;
		};
		181EE7BC1FF2217C00D6A791 /* Release */ = {
			isa = XCBuildConfiguration;
			buildSettings = {
				ALWAYS_SEARCH_USER_PATHS = NO;
				CLANG_ANALYZER_NONNULL = YES;
				CLANG_ANALYZER_NUMBER_OBJECT_CONVERSION = YES_AGGRESSIVE;
				CLANG_CXX_LANGUAGE_STANDARD = "gnu++14";
				CLANG_CXX_LIBRARY = "libc++";
				CLANG_ENABLE_MODULES = YES;
				CLANG_ENABLE_OBJC_ARC = YES;
				CLANG_WARN_BLOCK_CAPTURE_AUTORELEASING = YES;
				CLANG_WARN_BOOL_CONVERSION = YES;
				CLANG_WARN_COMMA = YES;
				CLANG_WARN_CONSTANT_CONVERSION = YES;
				CLANG_WARN_DIRECT_OBJC_ISA_USAGE = YES_ERROR;
				CLANG_WARN_DOCUMENTATION_COMMENTS = YES;
				CLANG_WARN_EMPTY_BODY = YES;
				CLANG_WARN_ENUM_CONVERSION = YES;
				CLANG_WARN_INFINITE_RECURSION = YES;
				CLANG_WARN_INT_CONVERSION = YES;
				CLANG_WARN_NON_LITERAL_NULL_CONVERSION = YES;
				CLANG_WARN_OBJC_LITERAL_CONVERSION = YES;
				CLANG_WARN_OBJC_ROOT_CLASS = YES_ERROR;
				CLANG_WARN_RANGE_LOOP_ANALYSIS = YES;
				CLANG_WARN_STRICT_PROTOTYPES = YES;
				CLANG_WARN_SUSPICIOUS_MOVE = YES;
				CLANG_WARN_UNGUARDED_AVAILABILITY = YES_AGGRESSIVE;
				CLANG_WARN_UNREACHABLE_CODE = YES;
				CLANG_WARN__DUPLICATE_METHOD_MATCH = YES;
				CODE_SIGN_IDENTITY = "iPhone Developer";
				COPY_PHASE_STRIP = NO;
				DEBUG_INFORMATION_FORMAT = "dwarf-with-dsym";
				ENABLE_NS_ASSERTIONS = NO;
				ENABLE_STRICT_OBJC_MSGSEND = YES;
				GCC_C_LANGUAGE_STANDARD = gnu11;
				GCC_NO_COMMON_BLOCKS = YES;
				GCC_WARN_64_TO_32_BIT_CONVERSION = YES;
				GCC_WARN_ABOUT_RETURN_TYPE = YES_ERROR;
				GCC_WARN_UNDECLARED_SELECTOR = YES;
				GCC_WARN_UNINITIALIZED_AUTOS = YES_AGGRESSIVE;
				GCC_WARN_UNUSED_FUNCTION = YES;
				GCC_WARN_UNUSED_VARIABLE = YES;
				IPHONEOS_DEPLOYMENT_TARGET = 11.2;
				MTL_ENABLE_DEBUG_INFO = NO;
				SDKROOT = iphoneos;
				VALIDATE_PRODUCT = YES;
			};
			name = Release;
		};
		181EE7BE1FF2217C00D6A791 /* Debug */ = {
			isa = XCBuildConfiguration;
			buildSettings = {
				ASSETCATALOG_COMPILER_APPICON_NAME = AppIcon;
				CODE_SIGN_STYLE = Automatic;
				INFOPLIST_FILE = "顶部横向滑动分类/Info.plist";
				LD_RUNPATH_SEARCH_PATHS = "$(inherited) @executable_path/Frameworks";
				PRODUCT_BUNDLE_IDENTIFIER = "zj.--------";
				PRODUCT_NAME = "$(TARGET_NAME)";
				TARGETED_DEVICE_FAMILY = "1,2";
			};
			name = Debug;
		};
		181EE7BF1FF2217C00D6A791 /* Release */ = {
			isa = XCBuildConfiguration;
			buildSettings = {
				ASSETCATALOG_COMPILER_APPICON_NAME = AppIcon;
				CODE_SIGN_STYLE = Automatic;
				INFOPLIST_FILE = "顶部横向滑动分类/Info.plist";
				LD_RUNPATH_SEARCH_PATHS = "$(inherited) @executable_path/Frameworks";
				PRODUCT_BUNDLE_IDENTIFIER = "zj.--------";
				PRODUCT_NAME = "$(TARGET_NAME)";
				TARGETED_DEVICE_FAMILY = "1,2";
			};
			name = Release;
		};
/* End XCBuildConfiguration section */

/* Begin XCConfigurationList section */
		181EE7A21FF2217C00D6A791 /* Build configuration list for PBXProject "顶部横向滑动分类" */ = {
			isa = XCConfigurationList;
			buildConfigurations = (
				181EE7BB1FF2217C00D6A791 /* Debug */,
				181EE7BC1FF2217C00D6A791 /* Release */,
			);
			defaultConfigurationIsVisible = 0;
			defaultConfigurationName = Release;
		};
		181EE7BD1FF2217C00D6A791 /* Build configuration list for PBXNativeTarget "顶部横向滑动分类" */ = {
			isa = XCConfigurationList;
			buildConfigurations = (
				181EE7BE1FF2217C00D6A791 /* Debug */,
				181EE7BF1FF2217C00D6A791 /* Release */,
			);
			defaultConfigurationIsVisible = 0;
			defaultConfigurationName = Release;
		};
/* End XCConfigurationList section */
	};
	rootObject = 181EE79F1FF2217C00D6A791 /* Project object */;
}
